
Microsoft Visual Studio Solution File, Format Version 12.00
# Visual Studio 15
VisualStudioVersion = 15.0.26124.0
MinimumVisualStudioVersion = 15.0.26124.0
Project("{FAE04EC0-301F-11D3-BF4B-00C04F79EFBC}") = "ProAgil.API", "ProAgil.API\ProAgil.API.csproj", "{07C05F97-25EA-4770-8C61-6C7E13058C7C}"
EndProject
Project("{FAE04EC0-301F-11D3-BF4B-00C04F79EFBC}") = "ProAgil.Repository", "ProAgil.Repository\ProAgil.Repository.csproj", "{B71791AF-67FA-483F-8A44-81F4B3AF602E}"
EndProject
Project("{FAE04EC0-301F-11D3-BF4B-00C04F79EFBC}") = "ProAgil.Domain", "ProAgil.Domain\ProAgil.Domain.csproj", "{18B7305F-801E-4266-A8E7-8F3085E80504}"
EndProject
Global
	GlobalSection(SolutionConfigurationPlatforms) = preSolution
		Debug|Any CPU = Debug|Any CPU
		Debug|x64 = Debug|x64
		Debug|x86 = Debug|x86
		Release|Any CPU = Release|Any CPU
		Release|x64 = Release|x64
		Release|x86 = Release|x86
	EndGlobalSection
	GlobalSection(SolutionProperties) = preSolution
		HideSolutionNode = FALSE
	EndGlobalSection
	GlobalSection(ProjectConfigurationPlatforms) = postSolution
		{07C05F97-25EA-4770-8C61-6C7E13058C7C}.Debug|Any CPU.ActiveCfg = Debug|Any CPU
		{07C05F97-25EA-4770-8C61-6C7E13058C7C}.Debug|Any CPU.Build.0 = Debug|Any CPU
		{07C05F97-25EA-4770-8C61-6C7E13058C7C}.Debug|x64.ActiveCfg = Debug|Any CPU
		{07C05F97-25EA-4770-8C61-6C7E13058C7C}.Debug|x64.Build.0 = Debug|Any CPU
		{07C05F97-25EA-4770-8C61-6C7E13058C7C}.Debug|x86.ActiveCfg = Debug|Any CPU
		{07C05F97-25EA-4770-8C61-6C7E13058C7C}.Debug|x86.Build.0 = Debug|Any CPU
		{07C05F97-25EA-4770-8C61-6C7E13058C7C}.Release|Any CPU.ActiveCfg = Release|Any CPU
		{07C05F97-25EA-4770-8C61-6C7E13058C7C}.Release|Any CPU.Build.0 = Release|Any CPU
		{07C05F97-25EA-4770-8C61-6C7E13058C7C}.Release|x64.ActiveCfg = Release|Any CPU
		{07C05F97-25EA-4770-8C61-6C7E13058C7C}.Release|x64.Build.0 = Release|Any CPU
		{07C05F97-25EA-4770-8C61-6C7E13058C7C}.Release|x86.ActiveCfg = Release|Any CPU
		{07C05F97-25EA-4770-8C61-6C7E13058C7C}.Release|x86.Build.0 = Release|Any CPU
		{B71791AF-67FA-483F-8A44-81F4B3AF602E}.Debug|Any CPU.ActiveCfg = Debug|Any CPU
		{B71791AF-67FA-483F-8A44-81F4B3AF602E}.Debug|Any CPU.Build.0 = Debug|Any CPU
		{B71791AF-67FA-483F-8A44-81F4B3AF602E}.Debug|x64.ActiveCfg = Debug|Any CPU
		{B71791AF-67FA-483F-8A44-81F4B3AF602E}.Debug|x64.Build.0 = Debug|Any CPU
		{B71791AF-67FA-483F-8A44-81F4B3AF602E}.Debug|x86.ActiveCfg = Debug|Any CPU
		{B71791AF-67FA-483F-8A44-81F4B3AF602E}.Debug|x86.Build.0 = Debug|Any CPU
		{B71791AF-67FA-483F-8A44-81F4B3AF602E}.Release|Any CPU.ActiveCfg = Release|Any CPU
		{B71791AF-67FA-483F-8A44-81F4B3AF602E}.Release|Any CPU.Build.0 = Release|Any CPU
		{B71791AF-67FA-483F-8A44-81F4B3AF602E}.Release|x64.ActiveCfg = Release|Any CPU
		{B71791AF-67FA-483F-8A44-81F4B3AF602E}.Release|x64.Build.0 = Release|Any CPU
		{B71791AF-67FA-483F-8A44-81F4B3AF602E}.Release|x86.ActiveCfg = Release|Any CPU
		{B71791AF-67FA-483F-8A44-81F4B3AF602E}.Release|x86.Build.0 = Release|Any CPU
		{18B7305F-801E-4266-A8E7-8F3085E80504}.Debug|Any CPU.ActiveCfg = Debug|Any CPU
		{18B7305F-801E-4266-A8E7-8F3085E80504}.Debug|Any CPU.Build.0 = Debug|Any CPU
		{18B7305F-801E-4266-A8E7-8F3085E80504}.Debug|x64.ActiveCfg = Debug|Any CPU
		{18B7305F-801E-4266-A8E7-8F3085E80504}.Debug|x64.Build.0 = Debug|Any CPU
		{18B7305F-801E-4266-A8E7-8F3085E80504}.Debug|x86.ActiveCfg = Debug|Any CPU
		{18B7305F-801E-4266-A8E7-8F3085E80504}.Debug|x86.Build.0 = Debug|Any CPU
		{18B7305F-801E-4266-A8E7-8F3085E80504}.Release|Any CPU.ActiveCfg = Release|Any CPU
		{18B7305F-801E-4266-A8E7-8F3085E80504}.Release|Any CPU.Build.0 = Release|Any CPU
		{18B7305F-801E-4266-A8E7-8F3085E80504}.Release|x64.ActiveCfg = Release|Any CPU
		{18B7305F-801E-4266-A8E7-8F3085E80504}.Release|x64.Build.0 = Release|Any CPU
		{18B7305F-801E-4266-A8E7-8F3085E80504}.Release|x86.ActiveCfg = Release|Any CPU
		{18B7305F-801E-4266-A8E7-8F3085E80504}.Release|x86.Build.0 = Release|Any CPU
	EndGlobalSection
EndGlobal
